// !$*UTF8*$!
{
	archiveVersion = 1;
	classes = {
	};
	objectVersion = 50;
	objects = {

/* Begin PBXBuildFile section */
		3B5AE78297D4695FCFD73AE0 /* Pods_Home.framework in Frameworks */ = {isa = PBXBuildFile; fileRef = 9BB5D738629011D7A8179DE5 /* Pods_Home.framework */; };
		FA0F0F18265BD6850039A486 /* Core.framework in Frameworks */ = {isa = PBXBuildFile; fileRef = FA0F0F17265BD6850039A486 /* Core.framework */; };
		FA0F0F19265BD6850039A486 /* Core.framework in Embed Frameworks */ = {isa = PBXBuildFile; fileRef = FA0F0F17265BD6850039A486 /* Core.framework */; settings = {ATTRIBUTES = (CodeSignOnCopy, RemoveHeadersOnCopy, ); }; };
		FA0F0F1D265BD6D00039A486 /* UserProfileEntity.swift in Sources */ = {isa = PBXBuildFile; fileRef = FA0F0F1C265BD6D00039A486 /* UserProfileEntity.swift */; };
		FA0F0F21265BD79B0039A486 /* HomeViewController.swift in Sources */ = {isa = PBXBuildFile; fileRef = FA0F0F1F265BD79B0039A486 /* HomeViewController.swift */; };
		FA0F0F22265BD79B0039A486 /* HomeViewController.xib in Resources */ = {isa = PBXBuildFile; fileRef = FA0F0F20265BD79B0039A486 /* HomeViewController.xib */; };
		FA0F0F26265BD8070039A486 /* DashboardCell.swift in Sources */ = {isa = PBXBuildFile; fileRef = FA0F0F24265BD8070039A486 /* DashboardCell.swift */; };
		FA0F0F27265BD8070039A486 /* DashboardCell.xib in Resources */ = {isa = PBXBuildFile; fileRef = FA0F0F25265BD8070039A486 /* DashboardCell.xib */; };
		FA0F0F29265BD87E0039A486 /* DashboardCellDelegate.swift in Sources */ = {isa = PBXBuildFile; fileRef = FA0F0F28265BD87E0039A486 /* DashboardCellDelegate.swift */; };
		FA0F0F2B265C0A430039A486 /* HomeDataSource.swift in Sources */ = {isa = PBXBuildFile; fileRef = FA0F0F2A265C0A430039A486 /* HomeDataSource.swift */; };
		FA0F0F2D265C0FE30039A486 /* HomeView.swift in Sources */ = {isa = PBXBuildFile; fileRef = FA0F0F2C265C0FE30039A486 /* HomeView.swift */; };
		FA0F0F30265C152C0039A486 /* HomeRouter.swift in Sources */ = {isa = PBXBuildFile; fileRef = FA0F0F2F265C152C0039A486 /* HomeRouter.swift */; };
		FA0F0F32265C153F0039A486 /* HomeRouterImpl.swift in Sources */ = {isa = PBXBuildFile; fileRef = FA0F0F31265C153F0039A486 /* HomeRouterImpl.swift */; };
		FA0F0F35265C95A50039A486 /* HomeInteractor.swift in Sources */ = {isa = PBXBuildFile; fileRef = FA0F0F34265C95A50039A486 /* HomeInteractor.swift */; };
		FA0F0F37265C95BB0039A486 /* HomeInteractorOutput.swift in Sources */ = {isa = PBXBuildFile; fileRef = FA0F0F36265C95BB0039A486 /* HomeInteractorOutput.swift */; };
		FA0F0F39265C96910039A486 /* HomeInteractorImpl.swift in Sources */ = {isa = PBXBuildFile; fileRef = FA0F0F38265C96910039A486 /* HomeInteractorImpl.swift */; };
		FA0F0F3C265C98FE0039A486 /* HomePresenter.swift in Sources */ = {isa = PBXBuildFile; fileRef = FA0F0F3B265C98FE0039A486 /* HomePresenter.swift */; };
		FA0F0F3E265C990E0039A486 /* HomePresenterImpl.swift in Sources */ = {isa = PBXBuildFile; fileRef = FA0F0F3D265C990E0039A486 /* HomePresenterImpl.swift */; };
		FABF8A2F265B500F00BA3064 /* Home.h in Headers */ = {isa = PBXBuildFile; fileRef = FABF8A2D265B500F00BA3064 /* Home.h */; settings = {ATTRIBUTES = (Public, ); }; };
		FAFC7F2D265D4285002D414C /* Assets.xcassets in Resources */ = {isa = PBXBuildFile; fileRef = FAFC7F2C265D4285002D414C /* Assets.xcassets */; };
/* End PBXBuildFile section */

/* Begin PBXCopyFilesBuildPhase section */
		FA0F0F1A265BD6850039A486 /* Embed Frameworks */ = {
			isa = PBXCopyFilesBuildPhase;
			buildActionMask = 2147483647;
			dstPath = "";
			dstSubfolderSpec = 10;
			files = (
				FA0F0F19265BD6850039A486 /* Core.framework in Embed Frameworks */,
			);
			name = "Embed Frameworks";
			runOnlyForDeploymentPostprocessing = 0;
		};
/* End PBXCopyFilesBuildPhase section */

/* Begin PBXFileReference section */
		3145877D12E834E120F10C7D /* Pods-Home.debug.xcconfig */ = {isa = PBXFileReference; includeInIndex = 1; lastKnownFileType = text.xcconfig; name = "Pods-Home.debug.xcconfig"; path = "Target Support Files/Pods-Home/Pods-Home.debug.xcconfig"; sourceTree = "<group>"; };
		9BB5D738629011D7A8179DE5 /* Pods_Home.framework */ = {isa = PBXFileReference; explicitFileType = wrapper.framework; includeInIndex = 0; path = Pods_Home.framework; sourceTree = BUILT_PRODUCTS_DIR; };
		EBB378CA4E5B51458CC8FB7C /* Pods-Home.release.xcconfig */ = {isa = PBXFileReference; includeInIndex = 1; lastKnownFileType = text.xcconfig; name = "Pods-Home.release.xcconfig"; path = "Target Support Files/Pods-Home/Pods-Home.release.xcconfig"; sourceTree = "<group>"; };
		FA0F0F17265BD6850039A486 /* Core.framework */ = {isa = PBXFileReference; explicitFileType = wrapper.framework; path = Core.framework; sourceTree = BUILT_PRODUCTS_DIR; };
		FA0F0F1C265BD6D00039A486 /* UserProfileEntity.swift */ = {isa = PBXFileReference; lastKnownFileType = sourcecode.swift; path = UserProfileEntity.swift; sourceTree = "<group>"; };
		FA0F0F1F265BD79B0039A486 /* HomeViewController.swift */ = {isa = PBXFileReference; lastKnownFileType = sourcecode.swift; path = HomeViewController.swift; sourceTree = "<group>"; };
		FA0F0F20265BD79B0039A486 /* HomeViewController.xib */ = {isa = PBXFileReference; lastKnownFileType = file.xib; path = HomeViewController.xib; sourceTree = "<group>"; };
		FA0F0F24265BD8070039A486 /* DashboardCell.swift */ = {isa = PBXFileReference; lastKnownFileType = sourcecode.swift; path = DashboardCell.swift; sourceTree = "<group>"; };
		FA0F0F25265BD8070039A486 /* DashboardCell.xib */ = {isa = PBXFileReference; lastKnownFileType = file.xib; path = DashboardCell.xib; sourceTree = "<group>"; };
		FA0F0F28265BD87E0039A486 /* DashboardCellDelegate.swift */ = {isa = PBXFileReference; lastKnownFileType = sourcecode.swift; path = DashboardCellDelegate.swift; sourceTree = "<group>"; };
		FA0F0F2A265C0A430039A486 /* HomeDataSource.swift */ = {isa = PBXFileReference; lastKnownFileType = sourcecode.swift; path = HomeDataSource.swift; sourceTree = "<group>"; };
		FA0F0F2C265C0FE30039A486 /* HomeView.swift */ = {isa = PBXFileReference; lastKnownFileType = sourcecode.swift; path = HomeView.swift; sourceTree = "<group>"; };
		FA0F0F2F265C152C0039A486 /* HomeRouter.swift */ = {isa = PBXFileReference; lastKnownFileType = sourcecode.swift; path = HomeRouter.swift; sourceTree = "<group>"; };
		FA0F0F31265C153F0039A486 /* HomeRouterImpl.swift */ = {isa = PBXFileReference; lastKnownFileType = sourcecode.swift; path = HomeRouterImpl.swift; sourceTree = "<group>"; };
		FA0F0F34265C95A50039A486 /* HomeInteractor.swift */ = {isa = PBXFileReference; lastKnownFileType = sourcecode.swift; path = HomeInteractor.swift; sourceTree = "<group>"; };
		FA0F0F36265C95BB0039A486 /* HomeInteractorOutput.swift */ = {isa = PBXFileReference; lastKnownFileType = sourcecode.swift; path = HomeInteractorOutput.swift; sourceTree = "<group>"; };
		FA0F0F38265C96910039A486 /* HomeInteractorImpl.swift */ = {isa = PBXFileReference; lastKnownFileType = sourcecode.swift; path = HomeInteractorImpl.swift; sourceTree = "<group>"; };
		FA0F0F3B265C98FE0039A486 /* HomePresenter.swift */ = {isa = PBXFileReference; lastKnownFileType = sourcecode.swift; path = HomePresenter.swift; sourceTree = "<group>"; };
		FA0F0F3D265C990E0039A486 /* HomePresenterImpl.swift */ = {isa = PBXFileReference; lastKnownFileType = sourcecode.swift; path = HomePresenterImpl.swift; sourceTree = "<group>"; };
		FABF8A2A265B500F00BA3064 /* Home.framework */ = {isa = PBXFileReference; explicitFileType = wrapper.framework; includeInIndex = 0; path = Home.framework; sourceTree = BUILT_PRODUCTS_DIR; };
		FABF8A2D265B500F00BA3064 /* Home.h */ = {isa = PBXFileReference; lastKnownFileType = sourcecode.c.h; path = Home.h; sourceTree = "<group>"; };
		FABF8A2E265B500F00BA3064 /* Info.plist */ = {isa = PBXFileReference; lastKnownFileType = text.plist.xml; path = Info.plist; sourceTree = "<group>"; };
		FAFC7F2C265D4285002D414C /* Assets.xcassets */ = {isa = PBXFileReference; lastKnownFileType = folder.assetcatalog; path = Assets.xcassets; sourceTree = "<group>"; };
/* End PBXFileReference section */

/* Begin PBXFrameworksBuildPhase section */
		FABF8A27265B500F00BA3064 /* Frameworks */ = {
			isa = PBXFrameworksBuildPhase;
			buildActionMask = 2147483647;
			files = (
				3B5AE78297D4695FCFD73AE0 /* Pods_Home.framework in Frameworks */,
				FA0F0F18265BD6850039A486 /* Core.framework in Frameworks */,
			);
			runOnlyForDeploymentPostprocessing = 0;
		};
/* End PBXFrameworksBuildPhase section */

/* Begin PBXGroup section */
		36223490EB1B04D7216A0C39 /* Frameworks */ = {
			isa = PBXGroup;
			children = (
				FA0F0F17265BD6850039A486 /* Core.framework */,
				9BB5D738629011D7A8179DE5 /* Pods_Home.framework */,
			);
			name = Frameworks;
			sourceTree = "<group>";
		};
		B7C75EE866E3802CC3E9F475 /* Pods */ = {
			isa = PBXGroup;
			children = (
				3145877D12E834E120F10C7D /* Pods-Home.debug.xcconfig */,
				EBB378CA4E5B51458CC8FB7C /* Pods-Home.release.xcconfig */,
			);
			name = Pods;
			path = ../../App/Pods;
			sourceTree = "<group>";
		};
		FA0F0F1B265BD6BB0039A486 /* Entity */ = {
			isa = PBXGroup;
			children = (
				FA0F0F1C265BD6D00039A486 /* UserProfileEntity.swift */,
			);
			path = Entity;
			sourceTree = "<group>";
		};
		FA0F0F1E265BD73A0039A486 /* View */ = {
			isa = PBXGroup;
			children = (
				FA0F0F23265BD7CA0039A486 /* Cell */,
				FA0F0F1F265BD79B0039A486 /* HomeViewController.swift */,
				FA0F0F20265BD79B0039A486 /* HomeViewController.xib */,
				FA0F0F2A265C0A430039A486 /* HomeDataSource.swift */,
				FA0F0F2C265C0FE30039A486 /* HomeView.swift */,
			);
			path = View;
			sourceTree = "<group>";
		};
		FA0F0F23265BD7CA0039A486 /* Cell */ = {
			isa = PBXGroup;
			children = (
				FA0F0F24265BD8070039A486 /* DashboardCell.swift */,
				FA0F0F25265BD8070039A486 /* DashboardCell.xib */,
				FA0F0F28265BD87E0039A486 /* DashboardCellDelegate.swift */,
			);
			path = Cell;
			sourceTree = "<group>";
		};
		FA0F0F2E265C15150039A486 /* Router */ = {
			isa = PBXGroup;
			children = (
				FA0F0F2F265C152C0039A486 /* HomeRouter.swift */,
				FA0F0F31265C153F0039A486 /* HomeRouterImpl.swift */,
			);
			path = Router;
			sourceTree = "<group>";
		};
		FA0F0F33265C957F0039A486 /* Interactor */ = {
			isa = PBXGroup;
			children = (
				FA0F0F34265C95A50039A486 /* HomeInteractor.swift */,
				FA0F0F36265C95BB0039A486 /* HomeInteractorOutput.swift */,
				FA0F0F38265C96910039A486 /* HomeInteractorImpl.swift */,
			);
			path = Interactor;
			sourceTree = "<group>";
		};
		FA0F0F3A265C989D0039A486 /* Presenter */ = {
			isa = PBXGroup;
			children = (
				FA0F0F3B265C98FE0039A486 /* HomePresenter.swift */,
				FA0F0F3D265C990E0039A486 /* HomePresenterImpl.swift */,
			);
			path = Presenter;
			sourceTree = "<group>";
		};
		FABF8A20265B500F00BA3064 = {
			isa = PBXGroup;
			children = (
				FABF8A2C265B500F00BA3064 /* Home */,
				FABF8A2B265B500F00BA3064 /* Products */,
				B7C75EE866E3802CC3E9F475 /* Pods */,
				36223490EB1B04D7216A0C39 /* Frameworks */,
			);
			sourceTree = "<group>";
		};
		FABF8A2B265B500F00BA3064 /* Products */ = {
			isa = PBXGroup;
			children = (
				FABF8A2A265B500F00BA3064 /* Home.framework */,
			);
			name = Products;
			sourceTree = "<group>";
		};
		FABF8A2C265B500F00BA3064 /* Home */ = {
			isa = PBXGroup;
			children = (
				FA0F0F3A265C989D0039A486 /* Presenter */,
				FA0F0F33265C957F0039A486 /* Interactor */,
				FA0F0F2E265C15150039A486 /* Router */,
				FA0F0F1E265BD73A0039A486 /* View */,
				FA0F0F1B265BD6BB0039A486 /* Entity */,
				FABF8A2D265B500F00BA3064 /* Home.h */,
				FABF8A2E265B500F00BA3064 /* Info.plist */,
				FAFC7F2C265D4285002D414C /* Assets.xcassets */,
			);
			path = Home;
			sourceTree = "<group>";
		};
/* End PBXGroup section */

/* Begin PBXHeadersBuildPhase section */
		FABF8A25265B500F00BA3064 /* Headers */ = {
			isa = PBXHeadersBuildPhase;
			buildActionMask = 2147483647;
			files = (
				FABF8A2F265B500F00BA3064 /* Home.h in Headers */,
			);
			runOnlyForDeploymentPostprocessing = 0;
		};
/* End PBXHeadersBuildPhase section */

/* Begin PBXNativeTarget section */
		FABF8A29265B500F00BA3064 /* Home */ = {
			isa = PBXNativeTarget;
			buildConfigurationList = FABF8A32265B500F00BA3064 /* Build configuration list for PBXNativeTarget "Home" */;
			buildPhases = (
				AB345D19CEC0DDE9237A9720 /* [CP] Check Pods Manifest.lock */,
				FABF8A25265B500F00BA3064 /* Headers */,
				FABF8A26265B500F00BA3064 /* Sources */,
				FABF8A27265B500F00BA3064 /* Frameworks */,
				FABF8A28265B500F00BA3064 /* Resources */,
				FA0F0F1A265BD6850039A486 /* Embed Frameworks */,
			);
			buildRules = (
			);
			dependencies = (
			);
			name = Home;
			productName = Home;
			productReference = FABF8A2A265B500F00BA3064 /* Home.framework */;
			productType = "com.apple.product-type.framework";
		};
/* End PBXNativeTarget section */

/* Begin PBXProject section */
		FABF8A21265B500F00BA3064 /* Project object */ = {
			isa = PBXProject;
			attributes = {
				LastUpgradeCheck = 1240;
				TargetAttributes = {
					FABF8A29265B500F00BA3064 = {
						CreatedOnToolsVersion = 12.4;
						LastSwiftMigration = 1240;
					};
				};
			};
			buildConfigurationList = FABF8A24265B500F00BA3064 /* Build configuration list for PBXProject "Home" */;
			compatibilityVersion = "Xcode 9.3";
			developmentRegion = en;
			hasScannedForEncodings = 0;
			knownRegions = (
				en,
				Base,
			);
			mainGroup = FABF8A20265B500F00BA3064;
			productRefGroup = FABF8A2B265B500F00BA3064 /* Products */;
			projectDirPath = "";
			projectRoot = "";
			targets = (
				FABF8A29265B500F00BA3064 /* Home */,
			);
		};
/* End PBXProject section */

/* Begin PBXResourcesBuildPhase section */
		FABF8A28265B500F00BA3064 /* Resources */ = {
			isa = PBXResourcesBuildPhase;
			buildActionMask = 2147483647;
			files = (
				FA0F0F27265BD8070039A486 /* DashboardCell.xib in Resources */,
				FAFC7F2D265D4285002D414C /* Assets.xcassets in Resources */,
				FA0F0F22265BD79B0039A486 /* HomeViewController.xib in Resources */,
			);
			runOnlyForDeploymentPostprocessing = 0;
		};
/* End PBXResourcesBuildPhase section */

/* Begin PBXShellScriptBuildPhase section */
		AB345D19CEC0DDE9237A9720 /* [CP] Check Pods Manifest.lock */ = {
			isa = PBXShellScriptBuildPhase;
			buildActionMask = 2147483647;
			files = (
			);
			inputFileListPaths = (
			);
			inputPaths = (
				"${PODS_PODFILE_DIR_PATH}/Podfile.lock",
				"${PODS_ROOT}/Manifest.lock",
			);
			name = "[CP] Check Pods Manifest.lock";
			outputFileListPaths = (
			);
			outputPaths = (
				"$(DERIVED_FILE_DIR)/Pods-Home-checkManifestLockResult.txt",
			);
			runOnlyForDeploymentPostprocessing = 0;
			shellPath = /bin/sh;
			shellScript = "diff \"${PODS_PODFILE_DIR_PATH}/Podfile.lock\" \"${PODS_ROOT}/Manifest.lock\" > /dev/null\nif [ $? != 0 ] ; then\n    # print error to STDERR\n    echo \"error: The sandbox is not in sync with the Podfile.lock. Run 'pod install' or update your CocoaPods installation.\" >&2\n    exit 1\nfi\n# This output is used by Xcode 'outputs' to avoid re-running this script phase.\necho \"SUCCESS\" > \"${SCRIPT_OUTPUT_FILE_0}\"\n";
			showEnvVarsInLog = 0;
		};
/* End PBXShellScriptBuildPhase section */

/* Begin PBXSourcesBuildPhase section */
		FABF8A26265B500F00BA3064 /* Sources */ = {
			isa = PBXSourcesBuildPhase;
			buildActionMask = 2147483647;
			files = (
				FA0F0F2B265C0A430039A486 /* HomeDataSource.swift in Sources */,
				FA0F0F1D265BD6D00039A486 /* UserProfileEntity.swift in Sources */,
				FA0F0F30265C152C0039A486 /* HomeRouter.swift in Sources */,
				FA0F0F3C265C98FE0039A486 /* HomePresenter.swift in Sources */,
				FA0F0F32265C153F0039A486 /* HomeRouterImpl.swift in Sources */,
				FA0F0F29265BD87E0039A486 /* DashboardCellDelegate.swift in Sources */,
				FA0F0F2D265C0FE30039A486 /* HomeView.swift in Sources */,
				FA0F0F35265C95A50039A486 /* HomeInteractor.swift in Sources */,
				FA0F0F26265BD8070039A486 /* DashboardCell.swift in Sources */,
				FA0F0F37265C95BB0039A486 /* HomeInteractorOutput.swift in Sources */,
				FA0F0F21265BD79B0039A486 /* HomeViewController.swift in Sources */,
				FA0F0F3E265C990E0039A486 /* HomePresenterImpl.swift in Sources */,
				FA0F0F39265C96910039A486 /* HomeInteractorImpl.swift in Sources */,
			);
			runOnlyForDeploymentPostprocessing = 0;
		};
/* End PBXSourcesBuildPhase section */

/* Begin XCBuildConfiguration section */
		FABF8A30265B500F00BA3064 /* Debug */ = {
			isa = XCBuildConfiguration;
			buildSettings = {
				ALWAYS_SEARCH_USER_PATHS = NO;
				CLANG_ANALYZER_NONNULL = YES;
				CLANG_ANALYZER_NUMBER_OBJECT_CONVERSION = YES_AGGRESSIVE;
				CLANG_CXX_LANGUAGE_STANDARD = "gnu++14";
				CLANG_CXX_LIBRARY = "libc++";
				CLANG_ENABLE_MODULES = YES;
				CLANG_ENABLE_OBJC_ARC = YES;
				CLANG_ENABLE_OBJC_WEAK = YES;
				CLANG_WARN_BLOCK_CAPTURE_AUTORELEASING = YES;
				CLANG_WARN_BOOL_CONVERSION = YES;
				CLANG_WARN_COMMA = YES;
				CLANG_WARN_CONSTANT_CONVERSION = YES;
				CLANG_WARN_DEPRECATED_OBJC_IMPLEMENTATIONS = YES;
				CLANG_WARN_DIRECT_OBJC_ISA_USAGE = YES_ERROR;
				CLANG_WARN_DOCUMENTATION_COMMENTS = YES;
				CLANG_WARN_EMPTY_BODY = YES;
				CLANG_WARN_ENUM_CONVERSION = YES;
				CLANG_WARN_INFINITE_RECURSION = YES;
				CLANG_WARN_INT_CONVERSION = YES;
				CLANG_WARN_NON_LITERAL_NULL_CONVERSION = YES;
				CLANG_WARN_OBJC_IMPLICIT_RETAIN_SELF = YES;
				CLANG_WARN_OBJC_LITERAL_CONVERSION = YES;
				CLANG_WARN_OBJC_ROOT_CLASS = YES_ERROR;
				CLANG_WARN_QUOTED_INCLUDE_IN_FRAMEWORK_HEADER = YES;
				CLANG_WARN_RANGE_LOOP_ANALYSIS = YES;
				CLANG_WARN_STRICT_PROTOTYPES = YES;
				CLANG_WARN_SUSPICIOUS_MOVE = YES;
				CLANG_WARN_UNGUARDED_AVAILABILITY = YES_AGGRESSIVE;
				CLANG_WARN_UNREACHABLE_CODE = YES;
				CLANG_WARN__DUPLICATE_METHOD_MATCH = YES;
				COPY_PHASE_STRIP = NO;
				CURRENT_PROJECT_VERSION = 1;
				DEBUG_INFORMATION_FORMAT = dwarf;
				ENABLE_STRICT_OBJC_MSGSEND = YES;
				ENABLE_TESTABILITY = YES;
				GCC_C_LANGUAGE_STANDARD = gnu11;
				GCC_DYNAMIC_NO_PIC = NO;
				GCC_NO_COMMON_BLOCKS = YES;
				GCC_OPTIMIZATION_LEVEL = 0;
				GCC_PREPROCESSOR_DEFINITIONS = (
					"DEBUG=1",
					"$(inherited)",
				);
				GCC_WARN_64_TO_32_BIT_CONVERSION = YES;
				GCC_WARN_ABOUT_RETURN_TYPE = YES_ERROR;
				GCC_WARN_UNDECLARED_SELECTOR = YES;
				GCC_WARN_UNINITIALIZED_AUTOS = YES_AGGRESSIVE;
				GCC_WARN_UNUSED_FUNCTION = YES;
				GCC_WARN_UNUSED_VARIABLE = YES;
				IPHONEOS_DEPLOYMENT_TARGET = 11.0;
				MTL_ENABLE_DEBUG_INFO = INCLUDE_SOURCE;
				MTL_FAST_MATH = YES;
				ONLY_ACTIVE_ARCH = YES;
				SDKROOT = iphoneos;
				SWIFT_ACTIVE_COMPILATION_CONDITIONS = DEBUG;
				SWIFT_OPTIMIZATION_LEVEL = "-Onone";
				VERSIONING_SYSTEM = "apple-generic";
				VERSION_INFO_PREFIX = "";
			};
			name = Debug;
		};
		FABF8A31265B500F00BA3064 /* Release */ = {
			isa = XCBuildConfiguration;
			buildSettings = {
				ALWAYS_SEARCH_USER_PATHS = NO;
				CLANG_ANALYZER_NONNULL = YES;
				CLANG_ANALYZER_NUMBER_OBJECT_CONVERSION = YES_AGGRESSIVE;
				CLANG_CXX_LANGUAGE_STANDARD = "gnu++14";
				CLANG_CXX_LIBRARY = "libc++";
				CLANG_ENABLE_MODULES = YES;
				CLANG_ENABLE_OBJC_ARC = YES;
				CLANG_ENABLE_OBJC_WEAK = YES;
				CLANG_WARN_BLOCK_CAPTURE_AUTORELEASING = YES;
				CLANG_WARN_BOOL_CONVERSION = YES;
				CLANG_WARN_COMMA = YES;
				CLANG_WARN_CONSTANT_CONVERSION = YES;
				CLANG_WARN_DEPRECATED_OBJC_IMPLEMENTATIONS = YES;
				CLANG_WARN_DIRECT_OBJC_ISA_USAGE = YES_ERROR;
				CLANG_WARN_DOCUMENTATION_COMMENTS = YES;
				CLANG_WARN_EMPTY_BODY = YES;
				CLANG_WARN_ENUM_CONVERSION = YES;
				CLANG_WARN_INFINITE_RECURSION = YES;
				CLANG_WARN_INT_CONVERSION = YES;
				CLANG_WARN_NON_LITERAL_NULL_CONVERSION = YES;
				CLANG_WARN_OBJC_IMPLICIT_RETAIN_SELF = YES;
				CLANG_WARN_OBJC_LITERAL_CONVERSION = YES;
				CLANG_WARN_OBJC_ROOT_CLASS = YES_ERROR;
				CLANG_WARN_QUOTED_INCLUDE_IN_FRAMEWORK_HEADER = YES;
				CLANG_WARN_RANGE_LOOP_ANALYSIS = YES;
				CLANG_WARN_STRICT_PROTOTYPES = YES;
				CLANG_WARN_SUSPICIOUS_MOVE = YES;
				CLANG_WARN_UNGUARDED_AVAILABILITY = YES_AGGRESSIVE;
				CLANG_WARN_UNREACHABLE_CODE = YES;
				CLANG_WARN__DUPLICATE_METHOD_MATCH = YES;
				COPY_PHASE_STRIP = NO;
				CURRENT_PROJECT_VERSION = 1;
				DEBUG_INFORMATION_FORMAT = "dwarf-with-dsym";
				ENABLE_NS_ASSERTIONS = NO;
				ENABLE_STRICT_OBJC_MSGSEND = YES;
				GCC_C_LANGUAGE_STANDARD = gnu11;
				GCC_NO_COMMON_BLOCKS = YES;
				GCC_WARN_64_TO_32_BIT_CONVERSION = YES;
				GCC_WARN_ABOUT_RETURN_TYPE = YES_ERROR;
				GCC_WARN_UNDECLARED_SELECTOR = YES;
				GCC_WARN_UNINITIALIZED_AUTOS = YES_AGGRESSIVE;
				GCC_WARN_UNUSED_FUNCTION = YES;
				GCC_WARN_UNUSED_VARIABLE = YES;
				IPHONEOS_DEPLOYMENT_TARGET = 11.0;
				MTL_ENABLE_DEBUG_INFO = NO;
				MTL_FAST_MATH = YES;
				SDKROOT = iphoneos;
				SWIFT_COMPILATION_MODE = wholemodule;
				SWIFT_OPTIMIZATION_LEVEL = "-O";
				VALIDATE_PRODUCT = YES;
				VERSIONING_SYSTEM = "apple-generic";
				VERSION_INFO_PREFIX = "";
			};
			name = Release;
		};
		FABF8A33265B500F00BA3064 /* Debug */ = {
			isa = XCBuildConfiguration;
			baseConfigurationReference = 3145877D12E834E120F10C7D /* Pods-Home.debug.xcconfig */;
			buildSettings = {
				CLANG_ENABLE_MODULES = YES;
				CODE_SIGN_STYLE = Automatic;
				DEFINES_MODULE = YES;
				DYLIB_COMPATIBILITY_VERSION = 1;
				DYLIB_CURRENT_VERSION = 1;
				DYLIB_INSTALL_NAME_BASE = "@rpath";
				INFOPLIST_FILE = Home/Info.plist;
				INSTALL_PATH = "$(LOCAL_LIBRARY_DIR)/Frameworks";
				LD_RUNPATH_SEARCH_PATHS = (
					"$(inherited)",
					"@executable_path/Frameworks",
					"@loader_path/Frameworks",
				);
				PRODUCT_BUNDLE_IDENTIFIER = com.casestudy.Home;
				PRODUCT_NAME = "$(TARGET_NAME:c99extidentifier)";
				SKIP_INSTALL = YES;
				SUPPORTS_MACCATALYST = NO;
				SWIFT_OPTIMIZATION_LEVEL = "-Onone";
				SWIFT_VERSION = 5.0;
				TARGETED_DEVICE_FAMILY = "1,2";
			};
			name = Debug;
		};
		FABF8A34265B500F00BA3064 /* Release */ = {
			isa = XCBuildConfiguration;
			baseConfigurationReference = EBB378CA4E5B51458CC8FB7C /* Pods-Home.release.xcconfig */;
			buildSettings = {
				CLANG_ENABLE_MODULES = YES;
				CODE_SIGN_STYLE = Automatic;
				DEFINES_MODULE = YES;
				DYLIB_COMPATIBILITY_VERSION = 1;
				DYLIB_CURRENT_VERSION = 1;
				DYLIB_INSTALL_NAME_BASE = "@rpath";
				INFOPLIST_FILE = Home/Info.plist;
				INSTALL_PATH = "$(LOCAL_LIBRARY_DIR)/Frameworks";
				LD_RUNPATH_SEARCH_PATHS = (
					"$(inherited)",
					"@executable_path/Frameworks",
					"@loader_path/Frameworks",
				);
				PRODUCT_BUNDLE_IDENTIFIER = com.casestudy.Home;
				PRODUCT_NAME = "$(TARGET_NAME:c99extidentifier)";
				SKIP_INSTALL = YES;
				SUPPORTS_MACCATALYST = NO;
				SWIFT_VERSION = 5.0;
				TARGETED_DEVICE_FAMILY = "1,2";
			};
			name = Release;
		};
/* End XCBuildConfiguration section */

/* Begin XCConfigurationList section */
		FABF8A24265B500F00BA3064 /* Build configuration list for PBXProject "Home" */ = {
			isa = XCConfigurationList;
			buildConfigurations = (
				FABF8A30265B500F00BA3064 /* Debug */,
				FABF8A31265B500F00BA3064 /* Release */,
			);
			defaultConfigurationIsVisible = 0;
			defaultConfigurationName = Release;
		};
		FABF8A32265B500F00BA3064 /* Build configuration list for PBXNativeTarget "Home" */ = {
			isa = XCConfigurationList;
			buildConfigurations = (
				FABF8A33265B500F00BA3064 /* Debug */,
				FABF8A34265B500F00BA3064 /* Release */,
			);
			defaultConfigurationIsVisible = 0;
			defaultConfigurationName = Release;
		};
/* End XCConfigurationList section */
	};
	rootObject = FABF8A21265B500F00BA3064 /* Project object */;
}
